// !$*UTF8*$!
{
	archiveVersion = 1;
	classes = {
	};
	objectVersion = 46;
	objects = {

/* Begin PBXBuildFile section */
		BF0A722F18E3495600853711 /* Foundation.framework in Frameworks */ = {isa = PBXBuildFile; fileRef = BF0A722E18E3495500853711 /* Foundation.framework */; };
		BF0A723118E3495600853711 /* CoreGraphics.framework in Frameworks */ = {isa = PBXBuildFile; fileRef = BF0A723018E3495600853711 /* CoreGraphics.framework */; };
		BF0A723318E3495600853711 /* UIKit.framework in Frameworks */ = {isa = PBXBuildFile; fileRef = BF0A723218E3495600853711 /* UIKit.framework */; };
		BF0A723918E3495600853711 /* InfoPlist.strings in Resources */ = {isa = PBXBuildFile; fileRef = BF0A723718E3495600853711 /* InfoPlist.strings */; };
		BF0A723B18E3495600853711 /* main.m in Sources */ = {isa = PBXBuildFile; fileRef = BF0A723A18E3495600853711 /* main.m */; };
		BF0A723F18E3495600853711 /* AppDelegate.m in Sources */ = {isa = PBXBuildFile; fileRef = BF0A723E18E3495600853711 /* AppDelegate.m */; };
		BF0A724118E3495600853711 /* Images.xcassets in Resources */ = {isa = PBXBuildFile; fileRef = BF0A724018E3495600853711 /* Images.xcassets */; };
		BF0A724818E3495600853711 /* XCTest.framework in Frameworks */ = {isa = PBXBuildFile; fileRef = BF0A724718E3495600853711 /* XCTest.framework */; };
		BF0A724918E3495600853711 /* Foundation.framework in Frameworks */ = {isa = PBXBuildFile; fileRef = BF0A722E18E3495500853711 /* Foundation.framework */; };
		BF0A724A18E3495600853711 /* UIKit.framework in Frameworks */ = {isa = PBXBuildFile; fileRef = BF0A723218E3495600853711 /* UIKit.framework */; };
		BF0A725218E3495600853711 /* InfoPlist.strings in Resources */ = {isa = PBXBuildFile; fileRef = BF0A725018E3495600853711 /* InfoPlist.strings */; };
		BF0A725418E3495600853711 /* BatAppTests.m in Sources */ = {isa = PBXBuildFile; fileRef = BF0A725318E3495600853711 /* BatAppTests.m */; };
		BF6B16B718E571C60063E9D5 /* WeatherOverviewCell.m in Sources */ = {isa = PBXBuildFile; fileRef = BF6B16B618E571C60063E9D5 /* WeatherOverviewCell.m */; };
		BF6B16BA18E5770A0063E9D5 /* Weather.m in Sources */ = {isa = PBXBuildFile; fileRef = BF6B16B918E5770A0063E9D5 /* Weather.m */; };
		BF6B16BC18E57EEC0063E9D5 /* CoreLocation.framework in Frameworks */ = {isa = PBXBuildFile; fileRef = BF6B16BB18E57EEC0063E9D5 /* CoreLocation.framework */; };
		BF75EF2D18E6F9CD00F703DB /* WeatherKit.m in Sources */ = {isa = PBXBuildFile; fileRef = BF75EF2C18E6F9CD00F703DB /* WeatherKit.m */; };
		BFD91DA018E4693000896207 /* HomeViewController.m in Sources */ = {isa = PBXBuildFile; fileRef = BFD91D9F18E4693000896207 /* HomeViewController.m */; };
		BFD91DA318E46EE900896207 /* background-568h@2x.png in Resources */ = {isa = PBXBuildFile; fileRef = BFD91DA118E46EE900896207 /* background-568h@2x.png */; };
		BFD91DA418E46EE900896207 /* background@2x.png in Resources */ = {isa = PBXBuildFile; fileRef = BFD91DA218E46EE900896207 /* background@2x.png */; };
		EB94F1CD5BE14958B3A57245 /* libPods.a in Frameworks */ = {isa = PBXBuildFile; fileRef = 9A42FB4206504354A96306C4 /* libPods.a */; };
/* End PBXBuildFile section */

/* Begin PBXContainerItemProxy section */
		BF0A724B18E3495600853711 /* PBXContainerItemProxy */ = {
			isa = PBXContainerItemProxy;
			containerPortal = BF0A722318E3495500853711 /* Project object */;
			proxyType = 1;
			remoteGlobalIDString = BF0A722A18E3495500853711;
			remoteInfo = BatApp;
		};
/* End PBXContainerItemProxy section */

/* Begin PBXFileReference section */
		8F5801507D0E45F380AEFE16 /* Pods.xcconfig */ = {isa = PBXFileReference; includeInIndex = 1; lastKnownFileType = text.xcconfig; name = Pods.xcconfig; path = Pods/Pods.xcconfig; sourceTree = "<group>"; };
		9A42FB4206504354A96306C4 /* libPods.a */ = {isa = PBXFileReference; explicitFileType = archive.ar; includeInIndex = 0; path = libPods.a; sourceTree = BUILT_PRODUCTS_DIR; };
		BF0A722B18E3495500853711 /* BatApp.app */ = {isa = PBXFileReference; explicitFileType = wrapper.application; includeInIndex = 0; path = BatApp.app; sourceTree = BUILT_PRODUCTS_DIR; };
		BF0A722E18E3495500853711 /* Foundation.framework */ = {isa = PBXFileReference; lastKnownFileType = wrapper.framework; name = Foundation.framework; path = System/Library/Frameworks/Foundation.framework; sourceTree = SDKROOT; };
		BF0A723018E3495600853711 /* CoreGraphics.framework */ = {isa = PBXFileReference; lastKnownFileType = wrapper.framework; name = CoreGraphics.framework; path = System/Library/Frameworks/CoreGraphics.framework; sourceTree = SDKROOT; };
		BF0A723218E3495600853711 /* UIKit.framework */ = {isa = PBXFileReference; lastKnownFileType = wrapper.framework; name = UIKit.framework; path = System/Library/Frameworks/UIKit.framework; sourceTree = SDKROOT; };
		BF0A723618E3495600853711 /* BatApp-Info.plist */ = {isa = PBXFileReference; lastKnownFileType = text.plist.xml; path = "BatApp-Info.plist"; sourceTree = "<group>"; };
		BF0A723818E3495600853711 /* en */ = {isa = PBXFileReference; lastKnownFileType = text.plist.strings; name = en; path = en.lproj/InfoPlist.strings; sourceTree = "<group>"; };
		BF0A723A18E3495600853711 /* main.m */ = {isa = PBXFileReference; lastKnownFileType = sourcecode.c.objc; path = main.m; sourceTree = "<group>"; };
		BF0A723C18E3495600853711 /* BatApp-Prefix.pch */ = {isa = PBXFileReference; lastKnownFileType = sourcecode.c.h; path = "BatApp-Prefix.pch"; sourceTree = "<group>"; };
		BF0A723D18E3495600853711 /* AppDelegate.h */ = {isa = PBXFileReference; lastKnownFileType = sourcecode.c.h; path = AppDelegate.h; sourceTree = "<group>"; };
		BF0A723E18E3495600853711 /* AppDelegate.m */ = {isa = PBXFileReference; lastKnownFileType = sourcecode.c.objc; path = AppDelegate.m; sourceTree = "<group>"; };
		BF0A724018E3495600853711 /* Images.xcassets */ = {isa = PBXFileReference; lastKnownFileType = folder.assetcatalog; path = Images.xcassets; sourceTree = "<group>"; };
		BF0A724618E3495600853711 /* BatAppTests.xctest */ = {isa = PBXFileReference; explicitFileType = wrapper.cfbundle; includeInIndex = 0; path = BatAppTests.xctest; sourceTree = BUILT_PRODUCTS_DIR; };
		BF0A724718E3495600853711 /* XCTest.framework */ = {isa = PBXFileReference; lastKnownFileType = wrapper.framework; name = XCTest.framework; path = Library/Frameworks/XCTest.framework; sourceTree = DEVELOPER_DIR; };
		BF0A724F18E3495600853711 /* BatAppTests-Info.plist */ = {isa = PBXFileReference; lastKnownFileType = text.plist.xml; path = "BatAppTests-Info.plist"; sourceTree = "<group>"; };
		BF0A725118E3495600853711 /* en */ = {isa = PBXFileReference; lastKnownFileType = text.plist.strings; name = en; path = en.lproj/InfoPlist.strings; sourceTree = "<group>"; };
		BF0A725318E3495600853711 /* BatAppTests.m */ = {isa = PBXFileReference; lastKnownFileType = sourcecode.c.objc; path = BatAppTests.m; sourceTree = "<group>"; };
		BF6B16B518E571C60063E9D5 /* WeatherOverviewCell.h */ = {isa = PBXFileReference; fileEncoding = 4; lastKnownFileType = sourcecode.c.h; path = WeatherOverviewCell.h; sourceTree = "<group>"; };
		BF6B16B618E571C60063E9D5 /* WeatherOverviewCell.m */ = {isa = PBXFileReference; fileEncoding = 4; lastKnownFileType = sourcecode.c.objc; path = WeatherOverviewCell.m; sourceTree = "<group>"; };
		BF6B16B818E5770A0063E9D5 /* Weather.h */ = {isa = PBXFileReference; fileEncoding = 4; lastKnownFileType = sourcecode.c.h; path = Weather.h; sourceTree = "<group>"; };
		BF6B16B918E5770A0063E9D5 /* Weather.m */ = {isa = PBXFileReference; fileEncoding = 4; lastKnownFileType = sourcecode.c.objc; path = Weather.m; sourceTree = "<group>"; };
		BF6B16BB18E57EEC0063E9D5 /* CoreLocation.framework */ = {isa = PBXFileReference; lastKnownFileType = wrapper.framework; name = CoreLocation.framework; path = System/Library/Frameworks/CoreLocation.framework; sourceTree = SDKROOT; };
		BF75EF2B18E6F9CD00F703DB /* WeatherKit.h */ = {isa = PBXFileReference; fileEncoding = 4; lastKnownFileType = sourcecode.c.h; path = WeatherKit.h; sourceTree = "<group>"; };
		BF75EF2C18E6F9CD00F703DB /* WeatherKit.m */ = {isa = PBXFileReference; fileEncoding = 4; lastKnownFileType = sourcecode.c.objc; path = WeatherKit.m; sourceTree = "<group>"; };
		BFD91D9E18E4693000896207 /* HomeViewController.h */ = {isa = PBXFileReference; fileEncoding = 4; lastKnownFileType = sourcecode.c.h; path = HomeViewController.h; sourceTree = "<group>"; };
		BFD91D9F18E4693000896207 /* HomeViewController.m */ = {isa = PBXFileReference; fileEncoding = 4; lastKnownFileType = sourcecode.c.objc; path = HomeViewController.m; sourceTree = "<group>"; };
		BFD91DA118E46EE900896207 /* background-568h@2x.png */ = {isa = PBXFileReference; lastKnownFileType = image.png; path = "background-568h@2x.png"; sourceTree = "<group>"; };
		BFD91DA218E46EE900896207 /* background@2x.png */ = {isa = PBXFileReference; lastKnownFileType = image.png; path = "background@2x.png"; sourceTree = "<group>"; };
/* End PBXFileReference section */

/* Begin PBXFrameworksBuildPhase section */
		BF0A722818E3495500853711 /* Frameworks */ = {
			isa = PBXFrameworksBuildPhase;
			buildActionMask = 2147483647;
			files = (
				BF6B16BC18E57EEC0063E9D5 /* CoreLocation.framework in Frameworks */,
				BF0A723118E3495600853711 /* CoreGraphics.framework in Frameworks */,
				BF0A723318E3495600853711 /* UIKit.framework in Frameworks */,
				BF0A722F18E3495600853711 /* Foundation.framework in Frameworks */,
				EB94F1CD5BE14958B3A57245 /* libPods.a in Frameworks */,
			);
			runOnlyForDeploymentPostprocessing = 0;
		};
		BF0A724318E3495600853711 /* Frameworks */ = {
			isa = PBXFrameworksBuildPhase;
			buildActionMask = 2147483647;
			files = (
				BF0A724818E3495600853711 /* XCTest.framework in Frameworks */,
				BF0A724A18E3495600853711 /* UIKit.framework in Frameworks */,
				BF0A724918E3495600853711 /* Foundation.framework in Frameworks */,
			);
			runOnlyForDeploymentPostprocessing = 0;
		};
/* End PBXFrameworksBuildPhase section */

/* Begin PBXGroup section */
		BF0A722218E3495500853711 = {
			isa = PBXGroup;
			children = (
				BF0A723418E3495600853711 /* BatApp */,
				BF0A724D18E3495600853711 /* BatAppTests */,
				BF0A722D18E3495500853711 /* Frameworks */,
				BF0A722C18E3495500853711 /* Products */,
				8F5801507D0E45F380AEFE16 /* Pods.xcconfig */,
			);
			sourceTree = "<group>";
		};
		BF0A722C18E3495500853711 /* Products */ = {
			isa = PBXGroup;
			children = (
				BF0A722B18E3495500853711 /* BatApp.app */,
				BF0A724618E3495600853711 /* BatAppTests.xctest */,
			);
			name = Products;
			sourceTree = "<group>";
		};
		BF0A722D18E3495500853711 /* Frameworks */ = {
			isa = PBXGroup;
			children = (
				BF6B16BB18E57EEC0063E9D5 /* CoreLocation.framework */,
				BF0A722E18E3495500853711 /* Foundation.framework */,
				BF0A723018E3495600853711 /* CoreGraphics.framework */,
				BF0A723218E3495600853711 /* UIKit.framework */,
				BF0A724718E3495600853711 /* XCTest.framework */,
				9A42FB4206504354A96306C4 /* libPods.a */,
			);
			name = Frameworks;
			sourceTree = "<group>";
		};
		BF0A723418E3495600853711 /* BatApp */ = {
			isa = PBXGroup;
			children = (
				BF0A723D18E3495600853711 /* AppDelegate.h */,
				BF0A723E18E3495600853711 /* AppDelegate.m */,
				BFD91D9E18E4693000896207 /* HomeViewController.h */,
				BFD91D9F18E4693000896207 /* HomeViewController.m */,
				BF6B16B518E571C60063E9D5 /* WeatherOverviewCell.h */,
				BF6B16B618E571C60063E9D5 /* WeatherOverviewCell.m */,
				BF75EF2B18E6F9CD00F703DB /* WeatherKit.h */,
				BF75EF2C18E6F9CD00F703DB /* WeatherKit.m */,
				BF0A724018E3495600853711 /* Images.xcassets */,
				BF75EF2718E6B44400F703DB /* Models */,
				BFD91DA518E46EEF00896207 /* Images */,
				BF0A723518E3495600853711 /* Supporting Files */,
			);
			path = BatApp;
			sourceTree = "<group>";
		};
		BF0A723518E3495600853711 /* Supporting Files */ = {
			isa = PBXGroup;
			children = (
				BF0A723618E3495600853711 /* BatApp-Info.plist */,
				BF0A723718E3495600853711 /* InfoPlist.strings */,
				BF0A723A18E3495600853711 /* main.m */,
				BF0A723C18E3495600853711 /* BatApp-Prefix.pch */,
			);
			name = "Supporting Files";
			sourceTree = "<group>";
		};
		BF0A724D18E3495600853711 /* BatAppTests */ = {
			isa = PBXGroup;
			children = (
				BF0A725318E3495600853711 /* BatAppTests.m */,
				BF0A724E18E3495600853711 /* Supporting Files */,
			);
			path = BatAppTests;
			sourceTree = "<group>";
		};
		BF0A724E18E3495600853711 /* Supporting Files */ = {
			isa = PBXGroup;
			children = (
				BF0A724F18E3495600853711 /* BatAppTests-Info.plist */,
				BF0A725018E3495600853711 /* InfoPlist.strings */,
			);
			name = "Supporting Files";
			sourceTree = "<group>";
		};
		BF75EF2718E6B44400F703DB /* Models */ = {
			isa = PBXGroup;
			children = (
				BF6B16B818E5770A0063E9D5 /* Weather.h */,
				BF6B16B918E5770A0063E9D5 /* Weather.m */,
			);
			name = Models;
			sourceTree = "<group>";
		};
		BFD91DA518E46EEF00896207 /* Images */ = {
			isa = PBXGroup;
			children = (
				BFD91DA118E46EE900896207 /* background-568h@2x.png */,
				BFD91DA218E46EE900896207 /* background@2x.png */,
			);
			name = Images;
			sourceTree = "<group>";
		};
/* End PBXGroup section */

/* Begin PBXNativeTarget section */
		BF0A722A18E3495500853711 /* BatApp */ = {
			isa = PBXNativeTarget;
			buildConfigurationList = BF0A725718E3495600853711 /* Build configuration list for PBXNativeTarget "BatApp" */;
			buildPhases = (
				5CCA07A42FF04D2B84C131E9 /* Check Pods Manifest.lock */,
				BF0A722718E3495500853711 /* Sources */,
				BF0A722818E3495500853711 /* Frameworks */,
				BF0A722918E3495500853711 /* Resources */,
				4C8376260261482E841F1524 /* Copy Pods Resources */,
			);
			buildRules = (
			);
			dependencies = (
			);
			name = BatApp;
			productName = BatApp;
			productReference = BF0A722B18E3495500853711 /* BatApp.app */;
			productType = "com.apple.product-type.application";
		};
		BF0A724518E3495600853711 /* BatAppTests */ = {
			isa = PBXNativeTarget;
			buildConfigurationList = BF0A725A18E3495600853711 /* Build configuration list for PBXNativeTarget "BatAppTests" */;
			buildPhases = (
				BF0A724218E3495600853711 /* Sources */,
				BF0A724318E3495600853711 /* Frameworks */,
				BF0A724418E3495600853711 /* Resources */,
			);
			buildRules = (
			);
			dependencies = (
				BF0A724C18E3495600853711 /* PBXTargetDependency */,
			);
			name = BatAppTests;
			productName = BatAppTests;
			productReference = BF0A724618E3495600853711 /* BatAppTests.xctest */;
			productType = "com.apple.product-type.bundle.unit-test";
		};
/* End PBXNativeTarget section */

/* Begin PBXProject section */
		BF0A722318E3495500853711 /* Project object */ = {
			isa = PBXProject;
			attributes = {
				LastUpgradeCheck = 0500;
				ORGANIZATIONNAME = Swechha;
				TargetAttributes = {
					BF0A724518E3495600853711 = {
						TestTargetID = BF0A722A18E3495500853711;
					};
				};
			};
			buildConfigurationList = BF0A722618E3495500853711 /* Build configuration list for PBXProject "BatApp" */;
			compatibilityVersion = "Xcode 3.2";
			developmentRegion = English;
			hasScannedForEncodings = 0;
			knownRegions = (
				en,
			);
			mainGroup = BF0A722218E3495500853711;
			productRefGroup = BF0A722C18E3495500853711 /* Products */;
			projectDirPath = "";
			projectRoot = "";
			targets = (
				BF0A722A18E3495500853711 /* BatApp */,
				BF0A724518E3495600853711 /* BatAppTests */,
			);
		};
/* End PBXProject section */

/* Begin PBXResourcesBuildPhase section */
		BF0A722918E3495500853711 /* Resources */ = {
			isa = PBXResourcesBuildPhase;
			buildActionMask = 2147483647;
			files = (
				BF0A723918E3495600853711 /* InfoPlist.strings in Resources */,
				BFD91DA318E46EE900896207 /* background-568h@2x.png in Resources */,
				BFD91DA418E46EE900896207 /* background@2x.png in Resources */,
				BF0A724118E3495600853711 /* Images.xcassets in Resources */,
			);
			runOnlyForDeploymentPostprocessing = 0;
		};
		BF0A724418E3495600853711 /* Resources */ = {
			isa = PBXResourcesBuildPhase;
			buildActionMask = 2147483647;
			files = (
				BF0A725218E3495600853711 /* InfoPlist.strings in Resources */,
			);
			runOnlyForDeploymentPostprocessing = 0;
		};
/* End PBXResourcesBuildPhase section */

/* Begin PBXShellScriptBuildPhase section */
		4C8376260261482E841F1524 /* Copy Pods Resources */ = {
			isa = PBXShellScriptBuildPhase;
			buildActionMask = 2147483647;
			files = (
			);
			inputPaths = (
			);
			name = "Copy Pods Resources";
			outputPaths = (
			);
			runOnlyForDeploymentPostprocessing = 0;
			shellPath = /bin/sh;
			shellScript = "\"${SRCROOT}/Pods/Pods-resources.sh\"\n";
			showEnvVarsInLog = 0;
		};
		5CCA07A42FF04D2B84C131E9 /* Check Pods Manifest.lock */ = {
			isa = PBXShellScriptBuildPhase;
			buildActionMask = 2147483647;
			files = (
			);
			inputPaths = (
			);
			name = "Check Pods Manifest.lock";
			outputPaths = (
			);
			runOnlyForDeploymentPostprocessing = 0;
			shellPath = /bin/sh;
			shellScript = "diff \"${PODS_ROOT}/../Podfile.lock\" \"${PODS_ROOT}/Manifest.lock\" > /dev/null\nif [[ $? != 0 ]] ; then\n    cat << EOM\nerror: The sandbox is not in sync with the Podfile.lock. Run 'pod install' or update your CocoaPods installation.\nEOM\n    exit 1\nfi\n";
			showEnvVarsInLog = 0;
		};
/* End PBXShellScriptBuildPhase section */

/* Begin PBXSourcesBuildPhase section */
		BF0A722718E3495500853711 /* Sources */ = {
			isa = PBXSourcesBuildPhase;
			buildActionMask = 2147483647;
			files = (
				BF0A723F18E3495600853711 /* AppDelegate.m in Sources */,
				BF75EF2D18E6F9CD00F703DB /* WeatherKit.m in Sources */,
				BF0A723B18E3495600853711 /* main.m in Sources */,
				BFD91DA018E4693000896207 /* HomeViewController.m in Sources */,
				BF6B16B718E571C60063E9D5 /* WeatherOverviewCell.m in Sources */,
				BF6B16BA18E5770A0063E9D5 /* Weather.m in Sources */,
			);
			runOnlyForDeploymentPostprocessing = 0;
		};
		BF0A724218E3495600853711 /* Sources */ = {
			isa = PBXSourcesBuildPhase;
			buildActionMask = 2147483647;
			files = (
				BF0A725418E3495600853711 /* BatAppTests.m in Sources */,
			);
			runOnlyForDeploymentPostprocessing = 0;
		};
/* End PBXSourcesBuildPhase section */

/* Begin PBXTargetDependency section */
		BF0A724C18E3495600853711 /* PBXTargetDependency */ = {
			isa = PBXTargetDependency;
			target = BF0A722A18E3495500853711 /* BatApp */;
			targetProxy = BF0A724B18E3495600853711 /* PBXContainerItemProxy */;
		};
/* End PBXTargetDependency section */

/* Begin PBXVariantGroup section */
		BF0A723718E3495600853711 /* InfoPlist.strings */ = {
			isa = PBXVariantGroup;
			children = (
				BF0A723818E3495600853711 /* en */,
			);
			name = InfoPlist.strings;
			sourceTree = "<group>";
		};
		BF0A725018E3495600853711 /* InfoPlist.strings */ = {
			isa = PBXVariantGroup;
			children = (
				BF0A725118E3495600853711 /* en */,
			);
			name = InfoPlist.strings;
			sourceTree = "<group>";
		};
/* End PBXVariantGroup section */

/* Begin XCBuildConfiguration section */
		BF0A725518E3495600853711 /* Debug */ = {
			isa = XCBuildConfiguration;
			buildSettings = {
				ALWAYS_SEARCH_USER_PATHS = NO;
				ARCHS = "$(ARCHS_STANDARD_INCLUDING_64_BIT)";
				CLANG_CXX_LANGUAGE_STANDARD = "gnu++0x";
				CLANG_CXX_LIBRARY = "libc++";
				CLANG_ENABLE_MODULES = YES;
				CLANG_ENABLE_OBJC_ARC = YES;
				CLANG_WARN_BOOL_CONVERSION = YES;
				CLANG_WARN_CONSTANT_CONVERSION = YES;
				CLANG_WARN_DIRECT_OBJC_ISA_USAGE = YES_ERROR;
				CLANG_WARN_EMPTY_BODY = YES;
				CLANG_WARN_ENUM_CONVERSION = YES;
				CLANG_WARN_INT_CONVERSION = YES;
				CLANG_WARN_OBJC_ROOT_CLASS = YES_ERROR;
				CLANG_WARN__DUPLICATE_METHOD_MATCH = YES;
				"CODE_SIGN_IDENTITY[sdk=iphoneos*]" = "iPhone Developer";
				COPY_PHASE_STRIP = NO;
				GCC_C_LANGUAGE_STANDARD = gnu99;
				GCC_DYNAMIC_NO_PIC = NO;
				GCC_OPTIMIZATION_LEVEL = 0;
				GCC_PREPROCESSOR_DEFINITIONS = (
					"DEBUG=1",
					"$(inherited)",
				);
				GCC_SYMBOLS_PRIVATE_EXTERN = NO;
				GCC_WARN_64_TO_32_BIT_CONVERSION = YES;
				GCC_WARN_ABOUT_RETURN_TYPE = YES_ERROR;
				GCC_WARN_UNDECLARED_SELECTOR = YES;
				GCC_WARN_UNINITIALIZED_AUTOS = YES;
				GCC_WARN_UNUSED_FUNCTION = YES;
				GCC_WARN_UNUSED_VARIABLE = YES;
				IPHONEOS_DEPLOYMENT_TARGET = 7.0;
				ONLY_ACTIVE_ARCH = YES;
				SDKROOT = iphoneos;
				TARGETED_DEVICE_FAMILY = "1,2";
			};
			name = Debug;
		};
		BF0A725618E3495600853711 /* Release */ = {
			isa = XCBuildConfiguration;
			buildSettings = {
				ALWAYS_SEARCH_USER_PATHS = NO;
				ARCHS = "$(ARCHS_STANDARD_INCLUDING_64_BIT)";
				CLANG_CXX_LANGUAGE_STANDARD = "gnu++0x";
				CLANG_CXX_LIBRARY = "libc++";
				CLANG_ENABLE_MODULES = YES;
				CLANG_ENABLE_OBJC_ARC = YES;
				CLANG_WARN_BOOL_CONVERSION = YES;
				CLANG_WARN_CONSTANT_CONVERSION = YES;
				CLANG_WARN_DIRECT_OBJC_ISA_USAGE = YES_ERROR;
				CLANG_WARN_EMPTY_BODY = YES;
				CLANG_WARN_ENUM_CONVERSION = YES;
				CLANG_WARN_INT_CONVERSION = YES;
				CLANG_WARN_OBJC_ROOT_CLASS = YES_ERROR;
				CLANG_WARN__DUPLICATE_METHOD_MATCH = YES;
				"CODE_SIGN_IDENTITY[sdk=iphoneos*]" = "iPhone Developer";
				COPY_PHASE_STRIP = YES;
				ENABLE_NS_ASSERTIONS = NO;
				GCC_C_LANGUAGE_STANDARD = gnu99;
				GCC_WARN_64_TO_32_BIT_CONVERSION = YES;
				GCC_WARN_ABOUT_RETURN_TYPE = YES_ERROR;
				GCC_WARN_UNDECLARED_SELECTOR = YES;
				GCC_WARN_UNINITIALIZED_AUTOS = YES;
				GCC_WARN_UNUSED_FUNCTION = YES;
				GCC_WARN_UNUSED_VARIABLE = YES;
				IPHONEOS_DEPLOYMENT_TARGET = 7.0;
				SDKROOT = iphoneos;
				TARGETED_DEVICE_FAMILY = "1,2";
				VALIDATE_PRODUCT = YES;
			};
			name = Release;
		};
		BF0A725818E3495600853711 /* Debug */ = {
			isa = XCBuildConfiguration;
			baseConfigurationReference = 8F5801507D0E45F380AEFE16 /* Pods.xcconfig */;
			buildSettings = {
				ASSETCATALOG_COMPILER_APPICON_NAME = AppIcon;
				ASSETCATALOG_COMPILER_LAUNCHIMAGE_NAME = LaunchImage;
				GCC_PRECOMPILE_PREFIX_HEADER = YES;
				GCC_PREFIX_HEADER = "BatApp/BatApp-Prefix.pch";
				INFOPLIST_FILE = "BatApp/BatApp-Info.plist";
				PRODUCT_NAME = "$(TARGET_NAME)";
				WRAPPER_EXTENSION = app;
			};
			name = Debug;
		};
		BF0A725918E3495600853711 /* Release */ = {
			isa = XCBuildConfiguration;
			baseConfigurationReference = 8F5801507D0E45F380AEFE16 /* Pods.xcconfig */;
			buildSettings = {
				ASSETCATALOG_COMPILER_APPICON_NAME = AppIcon;
				ASSETCATALOG_COMPILER_LAUNCHIMAGE_NAME = LaunchImage;
				GCC_PRECOMPILE_PREFIX_HEADER = YES;
				GCC_PREFIX_HEADER = "BatApp/BatApp-Prefix.pch";
				INFOPLIST_FILE = "BatApp/BatApp-Info.plist";
				PRODUCT_NAME = "$(TARGET_NAME)";
				WRAPPER_EXTENSION = app;
			};
			name = Release;
		};
		BF0A725B18E3495600853711 /* Debug */ = {
			isa = XCBuildConfiguration;
			buildSettings = {
				ARCHS = "$(ARCHS_STANDARD_INCLUDING_64_BIT)";
				BUNDLE_LOADER = "$(BUILT_PRODUCTS_DIR)/BatApp.app/BatApp";
				FRAMEWORK_SEARCH_PATHS = (
					"$(SDKROOT)/Developer/Library/Frameworks",
					"$(inherited)",
					"$(DEVELOPER_FRAMEWORKS_DIR)",
				);
				GCC_PRECOMPILE_PREFIX_HEADER = YES;
				GCC_PREFIX_HEADER = "BatApp/BatApp-Prefix.pch";
				GCC_PREPROCESSOR_DEFINITIONS = (
					"DEBUG=1",
					"$(inherited)",
				);
				INFOPLIST_FILE = "BatAppTests/BatAppTests-Info.plist";
				PRODUCT_NAME = "$(TARGET_NAME)";
				TEST_HOST = "$(BUNDLE_LOADER)";
				WRAPPER_EXTENSION = xctest;
			};
			name = Debug;
		};
		BF0A725C18E3495600853711 /* Release */ = {
			isa = XCBuildConfiguration;
			buildSettings = {
				ARCHS = "$(ARCHS_STANDARD_INCLUDING_64_BIT)";
				BUNDLE_LOADER = "$(BUILT_PRODUCTS_DIR)/BatApp.app/BatApp";
				FRAMEWORK_SEARCH_PATHS = (
					"$(SDKROOT)/Developer/Library/Frameworks",
					"$(inherited)",
					"$(DEVELOPER_FRAMEWORKS_DIR)",
				);
				GCC_PRECOMPILE_PREFIX_HEADER = YES;
				GCC_PREFIX_HEADER = "BatApp/BatApp-Prefix.pch";
				INFOPLIST_FILE = "BatAppTests/BatAppTests-Info.plist";
				PRODUCT_NAME = "$(TARGET_NAME)";
				TEST_HOST = "$(BUNDLE_LOADER)";
				WRAPPER_EXTENSION = xctest;
			};
			name = Release;
		};
/* End XCBuildConfiguration section */

/* Begin XCConfigurationList section */
		BF0A722618E3495500853711 /* Build configuration list for PBXProject "BatApp" */ = {
			isa = XCConfigurationList;
			buildConfigurations = (
				BF0A725518E3495600853711 /* Debug */,
				BF0A725618E3495600853711 /* Release */,
			);
			defaultConfigurationIsVisible = 0;
			defaultConfigurationName = Release;
		};
		BF0A725718E3495600853711 /* Build configuration list for PBXNativeTarget "BatApp" */ = {
			isa = XCConfigurationList;
			buildConfigurations = (
				BF0A725818E3495600853711 /* Debug */,
				BF0A725918E3495600853711 /* Release */,
			);
			defaultConfigurationIsVisible = 0;
			defaultConfigurationName = Release;
		};
		BF0A725A18E3495600853711 /* Build configuration list for PBXNativeTarget "BatAppTests" */ = {
			isa = XCConfigurationList;
			buildConfigurations = (
				BF0A725B18E3495600853711 /* Debug */,
				BF0A725C18E3495600853711 /* Release */,
			);
			defaultConfigurationIsVisible = 0;
			defaultConfigurationName = Release;
		};
/* End XCConfigurationList section */
	};
	rootObject = BF0A722318E3495500853711 /* Project object */;
}
